
Microsoft Visual Studio Solution File, Format Version 12.00
# Visual Studio 15
VisualStudioVersion = 15.0.28010.2046
MinimumVisualStudioVersion = 10.0.40219.1
Project("{FAE04EC0-301F-11D3-BF4B-00C04F79EFBC}") = "ArbitrageBettingCalculator", "ArbitrageBettingCalculator\ArbitrageBettingCalculator.csproj", "{CDB4B975-8644-4526-A6B7-06D77CD335B6}"
EndProject
Global
	GlobalSection(SolutionConfigurationPlatforms) = preSolution
		Debug|Any CPU = Debug|Any CPU
		Release|Any CPU = Release|Any CPU
	EndGlobalSection
	GlobalSection(ProjectConfigurationPlatforms) = postSolution
		{CDB4B975-8644-4526-A6B7-06D77CD335B6}.Debug|Any CPU.ActiveCfg = Debug|Any CPU
		{CDB4B975-8644-4526-A6B7-06D77CD335B6}.Debug|Any CPU.Build.0 = Debug|Any CPU
		{CDB4B975-8644-4526-A6B7-06D77CD335B6}.Release|Any CPU.ActiveCfg = Release|Any CPU
		{CDB4B975-8644-4526-A6B7-06D77CD335B6}.Release|Any CPU.Build.0 = Release|Any CPU
	EndGlobalSection
	GlobalSection(SolutionProperties) = preSolution
		HideSolutionNode = FALSE
	EndGlobalSection
	GlobalSection(ExtensibilityGlobals) = postSolution
		SolutionGuid = {602681DA-99D3-46CD-9450-34B3AD0448AC}
	EndGlobalSection
EndGlobal
